
Microsoft Visual Studio Solution File, Format Version 12.00
# Visual Studio Version 17
VisualStudioVersion = 17.4.33213.308
MinimumVisualStudioVersion = 10.0.40219.1
Project("{9A19103F-16F7-4668-BE54-9A1E7A4F7556}") = "Poker.Tests", "Tests\Poker.Tests\Poker.Tests.csproj", "{5A28B8E5-4CB0-40EB-A184-D9DD3592B853}"
EndProject
Project("{2150E333-8FDC-42A3-9474-1A3956D46DE8}") = "Tests", "Tests", "{D4675E75-B42A-41D4-9EFA-D63DA5EFE255}"
EndProject
Project("{2150E333-8FDC-42A3-9474-1A3956D46DE8}") = "Core", "Core", "{575ED223-7203-49FF-970C-2FE804FCA75B}"
EndProject
Project("{2150E333-8FDC-42A3-9474-1A3956D46DE8}") = "Infrastructure", "Infrastructure", "{38E8A01D-5ABD-415E-8557-7D130478B568}"
EndProject
Project("{2150E333-8FDC-42A3-9474-1A3956D46DE8}") = "Api", "Api", "{53F64479-2BA4-4037-9FDF-FDAA55A6AAB1}"
EndProject
Project("{9A19103F-16F7-4668-BE54-9A1E7A4F7556}") = "Poker.CLI", "Api\Poker.CLI\Poker.CLI.csproj", "{A50F6B1D-588D-4803-A0A5-C9E0B1E24047}"
EndProject
Project("{9A19103F-16F7-4668-BE54-9A1E7A4F7556}") = "Poker.Core.Application", "Core\Poker.Core.Application\Poker.Core.Application.csproj", "{2A7C4AE5-C858-4CD1-9A6D-40C747C846BB}"
EndProject
Project("{9A19103F-16F7-4668-BE54-9A1E7A4F7556}") = "Poker.Core.Domain", "Core\Poker.Core.Domain\Poker.Core.Domain.csproj", "{79FF195F-7E93-4063-BFF9-1449BF288F50}"
EndProject
Project("{9A19103F-16F7-4668-BE54-9A1E7A4F7556}") = "Poker.Core.Common", "Core\Poker.Core.Common\Poker.Core.Common.csproj", "{BAAF4CE5-4C17-4489-8506-6606436A5074}"
EndProject
Project("{9A19103F-16F7-4668-BE54-9A1E7A4F7556}") = "Poker.Infrastructure.Services", "Infrastructure\Poker.Infrastructure.Services\Poker.Infrastructure.Services.csproj", "{3336FD4E-CA17-44FB-8BB7-25F869D6FD28}"
EndProject
Global
	GlobalSection(SolutionConfigurationPlatforms) = preSolution
		Debug|Any CPU = Debug|Any CPU
		Release|Any CPU = Release|Any CPU
	EndGlobalSection
	GlobalSection(ProjectConfigurationPlatforms) = postSolution
		{5A28B8E5-4CB0-40EB-A184-D9DD3592B853}.Debug|Any CPU.ActiveCfg = Debug|Any CPU
		{5A28B8E5-4CB0-40EB-A184-D9DD3592B853}.Debug|Any CPU.Build.0 = Debug|Any CPU
		{5A28B8E5-4CB0-40EB-A184-D9DD3592B853}.Release|Any CPU.ActiveCfg = Release|Any CPU
		{5A28B8E5-4CB0-40EB-A184-D9DD3592B853}.Release|Any CPU.Build.0 = Release|Any CPU
		{A50F6B1D-588D-4803-A0A5-C9E0B1E24047}.Debug|Any CPU.ActiveCfg = Debug|Any CPU
		{A50F6B1D-588D-4803-A0A5-C9E0B1E24047}.Debug|Any CPU.Build.0 = Debug|Any CPU
		{A50F6B1D-588D-4803-A0A5-C9E0B1E24047}.Release|Any CPU.ActiveCfg = Release|Any CPU
		{A50F6B1D-588D-4803-A0A5-C9E0B1E24047}.Release|Any CPU.Build.0 = Release|Any CPU
		{2A7C4AE5-C858-4CD1-9A6D-40C747C846BB}.Debug|Any CPU.ActiveCfg = Debug|Any CPU
		{2A7C4AE5-C858-4CD1-9A6D-40C747C846BB}.Debug|Any CPU.Build.0 = Debug|Any CPU
		{2A7C4AE5-C858-4CD1-9A6D-40C747C846BB}.Release|Any CPU.ActiveCfg = Release|Any CPU
		{2A7C4AE5-C858-4CD1-9A6D-40C747C846BB}.Release|Any CPU.Build.0 = Release|Any CPU
		{79FF195F-7E93-4063-BFF9-1449BF288F50}.Debug|Any CPU.ActiveCfg = Debug|Any CPU
		{79FF195F-7E93-4063-BFF9-1449BF288F50}.Debug|Any CPU.Build.0 = Debug|Any CPU
		{79FF195F-7E93-4063-BFF9-1449BF288F50}.Release|Any CPU.ActiveCfg = Release|Any CPU
		{79FF195F-7E93-4063-BFF9-1449BF288F50}.Release|Any CPU.Build.0 = Release|Any CPU
		{BAAF4CE5-4C17-4489-8506-6606436A5074}.Debug|Any CPU.ActiveCfg = Debug|Any CPU
		{BAAF4CE5-4C17-4489-8506-6606436A5074}.Debug|Any CPU.Build.0 = Debug|Any CPU
		{BAAF4CE5-4C17-4489-8506-6606436A5074}.Release|Any CPU.ActiveCfg = Release|Any CPU
		{BAAF4CE5-4C17-4489-8506-6606436A5074}.Release|Any CPU.Build.0 = Release|Any CPU
		{3336FD4E-CA17-44FB-8BB7-25F869D6FD28}.Debug|Any CPU.ActiveCfg = Debug|Any CPU
		{3336FD4E-CA17-44FB-8BB7-25F869D6FD28}.Debug|Any CPU.Build.0 = Debug|Any CPU
		{3336FD4E-CA17-44FB-8BB7-25F869D6FD28}.Release|Any CPU.ActiveCfg = Release|Any CPU
		{3336FD4E-CA17-44FB-8BB7-25F869D6FD28}.Release|Any CPU.Build.0 = Release|Any CPU
	EndGlobalSection
	GlobalSection(SolutionProperties) = preSolution
		HideSolutionNode = FALSE
	EndGlobalSection
	GlobalSection(NestedProjects) = preSolution
		{5A28B8E5-4CB0-40EB-A184-D9DD3592B853} = {D4675E75-B42A-41D4-9EFA-D63DA5EFE255}
		{A50F6B1D-588D-4803-A0A5-C9E0B1E24047} = {53F64479-2BA4-4037-9FDF-FDAA55A6AAB1}
		{2A7C4AE5-C858-4CD1-9A6D-40C747C846BB} = {575ED223-7203-49FF-970C-2FE804FCA75B}
		{79FF195F-7E93-4063-BFF9-1449BF288F50} = {575ED223-7203-49FF-970C-2FE804FCA75B}
		{BAAF4CE5-4C17-4489-8506-6606436A5074} = {575ED223-7203-49FF-970C-2FE804FCA75B}
		{3336FD4E-CA17-44FB-8BB7-25F869D6FD28} = {38E8A01D-5ABD-415E-8557-7D130478B568}
	EndGlobalSection
	GlobalSection(ExtensibilityGlobals) = postSolution
		SolutionGuid = {A5B6CC79-E67E-4F4C-85F5-7A0BC9AB7776}
	EndGlobalSection
EndGlobal
